
Microsoft Visual Studio Solution File, Format Version 12.00
# Visual Studio 15
VisualStudioVersion = 15.0.27703.2026
MinimumVisualStudioVersion = 10.0.40219.1
Project("{9A19103F-16F7-4668-BE54-9A1E7A4F7556}") = "Singleton", "Creational\Singleton\Singleton.csproj", "{B4EF684E-C10E-46F1-A8DC-520CF80EF043}"
EndProject
Project("{9A19103F-16F7-4668-BE54-9A1E7A4F7556}") = "Factory", "Creational\Factory\Factory.csproj", "{BA93108A-3ACD-4EB8-880B-8FF58B2D2336}"
EndProject
Project("{9A19103F-16F7-4668-BE54-9A1E7A4F7556}") = "Adapter", "Structural\Adapter\Adapter.csproj", "{B8DB030E-E48C-4A58-8779-B561C52B55EC}"
EndProject
Project("{2150E333-8FDC-42A3-9474-1A3956D46DE8}") = "Creational", "Creational", "{54E7376F-0D46-4A17-8351-B11C22368222}"
EndProject
Project("{2150E333-8FDC-42A3-9474-1A3956D46DE8}") = "Structural", "Structural", "{1D898DE5-6818-45FB-AA9B-F69CFAC68E70}"
EndProject
Project("{9A19103F-16F7-4668-BE54-9A1E7A4F7556}") = "AbstractFactory", "Creational\AbstractFactory\AbstractFactory.csproj", "{239FD52E-E1AD-4433-B72E-4CBCF594AD6C}"
EndProject
Project("{9A19103F-16F7-4668-BE54-9A1E7A4F7556}") = "Builder", "Creational\Builder\Builder.csproj", "{15A96F34-5C13-4299-9D74-7E8E154A8447}"
EndProject
Project("{9A19103F-16F7-4668-BE54-9A1E7A4F7556}") = "Prototype", "Creational\Prototype\Prototype.csproj", "{3C51D998-FCE6-44AB-B9EF-9C394CE759D2}"
EndProject
Project("{9A19103F-16F7-4668-BE54-9A1E7A4F7556}") = "Bridge", "Structural\Bridge\Bridge.csproj", "{5DA4183A-046D-484E-A5F3-D3116D8145AF}"
EndProject
Project("{9A19103F-16F7-4668-BE54-9A1E7A4F7556}") = "Composite", "Structural\Composite\Composite.csproj", "{BC2FCDD3-44A7-47F4-83EA-E2E068C6978F}"
EndProject
Project("{9A19103F-16F7-4668-BE54-9A1E7A4F7556}") = "Decorator", "Structural\Decorator\Decorator.csproj", "{8F5C343A-27AA-41D4-AF56-338BFAFBB894}"
EndProject
Project("{9A19103F-16F7-4668-BE54-9A1E7A4F7556}") = "Facade", "Structural\Facade\Facade.csproj", "{BCC9D924-17E4-4357-BE9B-2E86CD28EB90}"
EndProject
Project("{9A19103F-16F7-4668-BE54-9A1E7A4F7556}") = "Flyweight", "Structural\Flyweight\Flyweight.csproj", "{3D3E9D4C-F6D6-4FF5-943C-CAFBD3D2A62F}"
EndProject
Project("{9A19103F-16F7-4668-BE54-9A1E7A4F7556}") = "Proxy", "Structural\Proxy\Proxy.csproj", "{0F0409A4-A435-4C75-AAF9-E50242AD0102}"
EndProject
Project("{2150E333-8FDC-42A3-9474-1A3956D46DE8}") = "Behavioral", "Behavioral", "{11B205B0-18EB-4053-89C6-8198CFC0115C}"
EndProject
Project("{9A19103F-16F7-4668-BE54-9A1E7A4F7556}") = "Observer", "Behavioral\Observer\Observer.csproj", "{43E6E6AD-3FF8-4556-BAD4-D57817ED2A56}"
EndProject
Project("{9A19103F-16F7-4668-BE54-9A1E7A4F7556}") = "State", "Behavioral\State\State.csproj", "{DE8612D1-3B37-4E38-B798-460BAD85288F}"
EndProject
Project("{9A19103F-16F7-4668-BE54-9A1E7A4F7556}") = "Strategy", "Behavioral\Strategy\Strategy.csproj", "{75EB144E-9D12-4A13-94C1-39D8BECA78C2}"
EndProject
Project("{9A19103F-16F7-4668-BE54-9A1E7A4F7556}") = "Template", "Behavioral\Template\Template.csproj", "{386AE43D-3F35-4623-89C9-C81C042DC9D5}"
EndProject
Project("{9A19103F-16F7-4668-BE54-9A1E7A4F7556}") = "Visitor", "Behavioral\Visitor\Visitor.csproj", "{9B9ABF9C-B9B1-4776-8AE8-43F4ABE3D73A}"
EndProject
Project("{FAE04EC0-301F-11D3-BF4B-00C04F79EFBC}") = "ChainOfResponsability", "Behavioral\ChainOfResponsability\ChainOfResponsability.csproj", "{FA20543A-22CA-442C-BAC6-69BA23677B67}"
EndProject
Project("{FAE04EC0-301F-11D3-BF4B-00C04F79EFBC}") = "Command", "Behavioral\Command\Command.csproj", "{D2643B58-D7B6-43B0-998A-E741E93CFD99}"
EndProject
Project("{FAE04EC0-301F-11D3-BF4B-00C04F79EFBC}") = "Interpreter", "Behavioral\Interpreter\Interpreter.csproj", "{4712F21B-1E36-4542-97A1-D50104959782}"
EndProject
Project("{FAE04EC0-301F-11D3-BF4B-00C04F79EFBC}") = "Iterator", "Behavioral\Iterator\Iterator.csproj", "{DB326CC0-2D2B-4435-9461-3D1D97BCB8CB}"
EndProject
Project("{FAE04EC0-301F-11D3-BF4B-00C04F79EFBC}") = "Mediator", "Behavioral\Mediator\Mediator.csproj", "{6C5959B4-E012-45F4-BB0C-FA30EE2CC173}"
EndProject
Project("{FAE04EC0-301F-11D3-BF4B-00C04F79EFBC}") = "Memento", "Behavioral\Memento\Memento.csproj", "{B2E42ACC-808A-47A1-BDB7-C0FCC88C6413}"
EndProject
Global
	GlobalSection(SolutionConfigurationPlatforms) = preSolution
		Debug|Any CPU = Debug|Any CPU
		Release|Any CPU = Release|Any CPU
	EndGlobalSection
	GlobalSection(ProjectConfigurationPlatforms) = postSolution
		{B4EF684E-C10E-46F1-A8DC-520CF80EF043}.Debug|Any CPU.ActiveCfg = Debug|Any CPU
		{B4EF684E-C10E-46F1-A8DC-520CF80EF043}.Debug|Any CPU.Build.0 = Debug|Any CPU
		{B4EF684E-C10E-46F1-A8DC-520CF80EF043}.Release|Any CPU.ActiveCfg = Release|Any CPU
		{B4EF684E-C10E-46F1-A8DC-520CF80EF043}.Release|Any CPU.Build.0 = Release|Any CPU
		{BA93108A-3ACD-4EB8-880B-8FF58B2D2336}.Debug|Any CPU.ActiveCfg = Debug|Any CPU
		{BA93108A-3ACD-4EB8-880B-8FF58B2D2336}.Debug|Any CPU.Build.0 = Debug|Any CPU
		{BA93108A-3ACD-4EB8-880B-8FF58B2D2336}.Release|Any CPU.ActiveCfg = Release|Any CPU
		{BA93108A-3ACD-4EB8-880B-8FF58B2D2336}.Release|Any CPU.Build.0 = Release|Any CPU
		{B8DB030E-E48C-4A58-8779-B561C52B55EC}.Debug|Any CPU.ActiveCfg = Debug|Any CPU
		{B8DB030E-E48C-4A58-8779-B561C52B55EC}.Debug|Any CPU.Build.0 = Debug|Any CPU
		{B8DB030E-E48C-4A58-8779-B561C52B55EC}.Release|Any CPU.ActiveCfg = Release|Any CPU
		{B8DB030E-E48C-4A58-8779-B561C52B55EC}.Release|Any CPU.Build.0 = Release|Any CPU
		{239FD52E-E1AD-4433-B72E-4CBCF594AD6C}.Debug|Any CPU.ActiveCfg = Debug|Any CPU
		{239FD52E-E1AD-4433-B72E-4CBCF594AD6C}.Debug|Any CPU.Build.0 = Debug|Any CPU
		{239FD52E-E1AD-4433-B72E-4CBCF594AD6C}.Release|Any CPU.ActiveCfg = Release|Any CPU
		{239FD52E-E1AD-4433-B72E-4CBCF594AD6C}.Release|Any CPU.Build.0 = Release|Any CPU
		{15A96F34-5C13-4299-9D74-7E8E154A8447}.Debug|Any CPU.ActiveCfg = Debug|Any CPU
		{15A96F34-5C13-4299-9D74-7E8E154A8447}.Debug|Any CPU.Build.0 = Debug|Any CPU
		{15A96F34-5C13-4299-9D74-7E8E154A8447}.Release|Any CPU.ActiveCfg = Release|Any CPU
		{15A96F34-5C13-4299-9D74-7E8E154A8447}.Release|Any CPU.Build.0 = Release|Any CPU
		{3C51D998-FCE6-44AB-B9EF-9C394CE759D2}.Debug|Any CPU.ActiveCfg = Debug|Any CPU
		{3C51D998-FCE6-44AB-B9EF-9C394CE759D2}.Debug|Any CPU.Build.0 = Debug|Any CPU
		{3C51D998-FCE6-44AB-B9EF-9C394CE759D2}.Release|Any CPU.ActiveCfg = Release|Any CPU
		{3C51D998-FCE6-44AB-B9EF-9C394CE759D2}.Release|Any CPU.Build.0 = Release|Any CPU
		{5DA4183A-046D-484E-A5F3-D3116D8145AF}.Debug|Any CPU.ActiveCfg = Debug|Any CPU
		{5DA4183A-046D-484E-A5F3-D3116D8145AF}.Debug|Any CPU.Build.0 = Debug|Any CPU
		{5DA4183A-046D-484E-A5F3-D3116D8145AF}.Release|Any CPU.ActiveCfg = Release|Any CPU
		{5DA4183A-046D-484E-A5F3-D3116D8145AF}.Release|Any CPU.Build.0 = Release|Any CPU
		{BC2FCDD3-44A7-47F4-83EA-E2E068C6978F}.Debug|Any CPU.ActiveCfg = Debug|Any CPU
		{BC2FCDD3-44A7-47F4-83EA-E2E068C6978F}.Debug|Any CPU.Build.0 = Debug|Any CPU
		{BC2FCDD3-44A7-47F4-83EA-E2E068C6978F}.Release|Any CPU.ActiveCfg = Release|Any CPU
		{BC2FCDD3-44A7-47F4-83EA-E2E068C6978F}.Release|Any CPU.Build.0 = Release|Any CPU
		{8F5C343A-27AA-41D4-AF56-338BFAFBB894}.Debug|Any CPU.ActiveCfg = Debug|Any CPU
		{8F5C343A-27AA-41D4-AF56-338BFAFBB894}.Debug|Any CPU.Build.0 = Debug|Any CPU
		{8F5C343A-27AA-41D4-AF56-338BFAFBB894}.Release|Any CPU.ActiveCfg = Release|Any CPU
		{8F5C343A-27AA-41D4-AF56-338BFAFBB894}.Release|Any CPU.Build.0 = Release|Any CPU
		{BCC9D924-17E4-4357-BE9B-2E86CD28EB90}.Debug|Any CPU.ActiveCfg = Debug|Any CPU
		{BCC9D924-17E4-4357-BE9B-2E86CD28EB90}.Debug|Any CPU.Build.0 = Debug|Any CPU
		{BCC9D924-17E4-4357-BE9B-2E86CD28EB90}.Release|Any CPU.ActiveCfg = Release|Any CPU
		{BCC9D924-17E4-4357-BE9B-2E86CD28EB90}.Release|Any CPU.Build.0 = Release|Any CPU
		{3D3E9D4C-F6D6-4FF5-943C-CAFBD3D2A62F}.Debug|Any CPU.ActiveCfg = Debug|Any CPU
		{3D3E9D4C-F6D6-4FF5-943C-CAFBD3D2A62F}.Debug|Any CPU.Build.0 = Debug|Any CPU
		{3D3E9D4C-F6D6-4FF5-943C-CAFBD3D2A62F}.Release|Any CPU.ActiveCfg = Release|Any CPU
		{3D3E9D4C-F6D6-4FF5-943C-CAFBD3D2A62F}.Release|Any CPU.Build.0 = Release|Any CPU
		{0F0409A4-A435-4C75-AAF9-E50242AD0102}.Debug|Any CPU.ActiveCfg = Debug|Any CPU
		{0F0409A4-A435-4C75-AAF9-E50242AD0102}.Debug|Any CPU.Build.0 = Debug|Any CPU
		{0F0409A4-A435-4C75-AAF9-E50242AD0102}.Release|Any CPU.ActiveCfg = Release|Any CPU
		{0F0409A4-A435-4C75-AAF9-E50242AD0102}.Release|Any CPU.Build.0 = Release|Any CPU
		{43E6E6AD-3FF8-4556-BAD4-D57817ED2A56}.Debug|Any CPU.ActiveCfg = Debug|Any CPU
		{43E6E6AD-3FF8-4556-BAD4-D57817ED2A56}.Debug|Any CPU.Build.0 = Debug|Any CPU
		{43E6E6AD-3FF8-4556-BAD4-D57817ED2A56}.Release|Any CPU.ActiveCfg = Release|Any CPU
		{43E6E6AD-3FF8-4556-BAD4-D57817ED2A56}.Release|Any CPU.Build.0 = Release|Any CPU
		{DE8612D1-3B37-4E38-B798-460BAD85288F}.Debug|Any CPU.ActiveCfg = Debug|Any CPU
		{DE8612D1-3B37-4E38-B798-460BAD85288F}.Debug|Any CPU.Build.0 = Debug|Any CPU
		{DE8612D1-3B37-4E38-B798-460BAD85288F}.Release|Any CPU.ActiveCfg = Release|Any CPU
		{DE8612D1-3B37-4E38-B798-460BAD85288F}.Release|Any CPU.Build.0 = Release|Any CPU
		{75EB144E-9D12-4A13-94C1-39D8BECA78C2}.Debug|Any CPU.ActiveCfg = Debug|Any CPU
		{75EB144E-9D12-4A13-94C1-39D8BECA78C2}.Debug|Any CPU.Build.0 = Debug|Any CPU
		{75EB144E-9D12-4A13-94C1-39D8BECA78C2}.Release|Any CPU.ActiveCfg = Release|Any CPU
		{75EB144E-9D12-4A13-94C1-39D8BECA78C2}.Release|Any CPU.Build.0 = Release|Any CPU
		{386AE43D-3F35-4623-89C9-C81C042DC9D5}.Debug|Any CPU.ActiveCfg = Debug|Any CPU
		{386AE43D-3F35-4623-89C9-C81C042DC9D5}.Debug|Any CPU.Build.0 = Debug|Any CPU
		{386AE43D-3F35-4623-89C9-C81C042DC9D5}.Release|Any CPU.ActiveCfg = Release|Any CPU
		{386AE43D-3F35-4623-89C9-C81C042DC9D5}.Release|Any CPU.Build.0 = Release|Any CPU
		{9B9ABF9C-B9B1-4776-8AE8-43F4ABE3D73A}.Debug|Any CPU.ActiveCfg = Debug|Any CPU
		{9B9ABF9C-B9B1-4776-8AE8-43F4ABE3D73A}.Debug|Any CPU.Build.0 = Debug|Any CPU
		{9B9ABF9C-B9B1-4776-8AE8-43F4ABE3D73A}.Release|Any CPU.ActiveCfg = Release|Any CPU
		{9B9ABF9C-B9B1-4776-8AE8-43F4ABE3D73A}.Release|Any CPU.Build.0 = Release|Any CPU
		{FA20543A-22CA-442C-BAC6-69BA23677B67}.Debug|Any CPU.ActiveCfg = Debug|Any CPU
		{FA20543A-22CA-442C-BAC6-69BA23677B67}.Debug|Any CPU.Build.0 = Debug|Any CPU
		{FA20543A-22CA-442C-BAC6-69BA23677B67}.Release|Any CPU.ActiveCfg = Release|Any CPU
		{FA20543A-22CA-442C-BAC6-69BA23677B67}.Release|Any CPU.Build.0 = Release|Any CPU
		{D2643B58-D7B6-43B0-998A-E741E93CFD99}.Debug|Any CPU.ActiveCfg = Debug|Any CPU
		{D2643B58-D7B6-43B0-998A-E741E93CFD99}.Debug|Any CPU.Build.0 = Debug|Any CPU
		{D2643B58-D7B6-43B0-998A-E741E93CFD99}.Release|Any CPU.ActiveCfg = Release|Any CPU
		{D2643B58-D7B6-43B0-998A-E741E93CFD99}.Release|Any CPU.Build.0 = Release|Any CPU
		{4712F21B-1E36-4542-97A1-D50104959782}.Debug|Any CPU.ActiveCfg = Debug|Any CPU
		{4712F21B-1E36-4542-97A1-D50104959782}.Debug|Any CPU.Build.0 = Debug|Any CPU
		{4712F21B-1E36-4542-97A1-D50104959782}.Release|Any CPU.ActiveCfg = Release|Any CPU
		{4712F21B-1E36-4542-97A1-D50104959782}.Release|Any CPU.Build.0 = Release|Any CPU
		{DB326CC0-2D2B-4435-9461-3D1D97BCB8CB}.Debug|Any CPU.ActiveCfg = Debug|Any CPU
		{DB326CC0-2D2B-4435-9461-3D1D97BCB8CB}.Debug|Any CPU.Build.0 = Debug|Any CPU
		{DB326CC0-2D2B-4435-9461-3D1D97BCB8CB}.Release|Any CPU.ActiveCfg = Release|Any CPU
		{DB326CC0-2D2B-4435-9461-3D1D97BCB8CB}.Release|Any CPU.Build.0 = Release|Any CPU
		{6C5959B4-E012-45F4-BB0C-FA30EE2CC173}.Debug|Any CPU.ActiveCfg = Debug|Any CPU
		{6C5959B4-E012-45F4-BB0C-FA30EE2CC173}.Debug|Any CPU.Build.0 = Debug|Any CPU
		{6C5959B4-E012-45F4-BB0C-FA30EE2CC173}.Release|Any CPU.ActiveCfg = Release|Any CPU
		{6C5959B4-E012-45F4-BB0C-FA30EE2CC173}.Release|Any CPU.Build.0 = Release|Any CPU
		{B2E42ACC-808A-47A1-BDB7-C0FCC88C6413}.Debug|Any CPU.ActiveCfg = Debug|Any CPU
		{B2E42ACC-808A-47A1-BDB7-C0FCC88C6413}.Debug|Any CPU.Build.0 = Debug|Any CPU
		{B2E42ACC-808A-47A1-BDB7-C0FCC88C6413}.Release|Any CPU.ActiveCfg = Release|Any CPU
		{B2E42ACC-808A-47A1-BDB7-C0FCC88C6413}.Release|Any CPU.Build.0 = Release|Any CPU
	EndGlobalSection
	GlobalSection(SolutionProperties) = preSolution
		HideSolutionNode = FALSE
	EndGlobalSection
	GlobalSection(NestedProjects) = preSolution
		{B4EF684E-C10E-46F1-A8DC-520CF80EF043} = {54E7376F-0D46-4A17-8351-B11C22368222}
		{BA93108A-3ACD-4EB8-880B-8FF58B2D2336} = {54E7376F-0D46-4A17-8351-B11C22368222}
		{B8DB030E-E48C-4A58-8779-B561C52B55EC} = {1D898DE5-6818-45FB-AA9B-F69CFAC68E70}
		{239FD52E-E1AD-4433-B72E-4CBCF594AD6C} = {54E7376F-0D46-4A17-8351-B11C22368222}
		{15A96F34-5C13-4299-9D74-7E8E154A8447} = {54E7376F-0D46-4A17-8351-B11C22368222}
		{3C51D998-FCE6-44AB-B9EF-9C394CE759D2} = {54E7376F-0D46-4A17-8351-B11C22368222}
		{5DA4183A-046D-484E-A5F3-D3116D8145AF} = {1D898DE5-6818-45FB-AA9B-F69CFAC68E70}
		{BC2FCDD3-44A7-47F4-83EA-E2E068C6978F} = {1D898DE5-6818-45FB-AA9B-F69CFAC68E70}
		{8F5C343A-27AA-41D4-AF56-338BFAFBB894} = {1D898DE5-6818-45FB-AA9B-F69CFAC68E70}
		{BCC9D924-17E4-4357-BE9B-2E86CD28EB90} = {1D898DE5-6818-45FB-AA9B-F69CFAC68E70}
		{3D3E9D4C-F6D6-4FF5-943C-CAFBD3D2A62F} = {1D898DE5-6818-45FB-AA9B-F69CFAC68E70}
		{0F0409A4-A435-4C75-AAF9-E50242AD0102} = {1D898DE5-6818-45FB-AA9B-F69CFAC68E70}
		{43E6E6AD-3FF8-4556-BAD4-D57817ED2A56} = {11B205B0-18EB-4053-89C6-8198CFC0115C}
		{DE8612D1-3B37-4E38-B798-460BAD85288F} = {11B205B0-18EB-4053-89C6-8198CFC0115C}
		{75EB144E-9D12-4A13-94C1-39D8BECA78C2} = {11B205B0-18EB-4053-89C6-8198CFC0115C}
		{386AE43D-3F35-4623-89C9-C81C042DC9D5} = {11B205B0-18EB-4053-89C6-8198CFC0115C}
		{9B9ABF9C-B9B1-4776-8AE8-43F4ABE3D73A} = {11B205B0-18EB-4053-89C6-8198CFC0115C}
		{FA20543A-22CA-442C-BAC6-69BA23677B67} = {11B205B0-18EB-4053-89C6-8198CFC0115C}
		{D2643B58-D7B6-43B0-998A-E741E93CFD99} = {11B205B0-18EB-4053-89C6-8198CFC0115C}
		{4712F21B-1E36-4542-97A1-D50104959782} = {11B205B0-18EB-4053-89C6-8198CFC0115C}
		{DB326CC0-2D2B-4435-9461-3D1D97BCB8CB} = {11B205B0-18EB-4053-89C6-8198CFC0115C}
		{6C5959B4-E012-45F4-BB0C-FA30EE2CC173} = {11B205B0-18EB-4053-89C6-8198CFC0115C}
		{B2E42ACC-808A-47A1-BDB7-C0FCC88C6413} = {11B205B0-18EB-4053-89C6-8198CFC0115C}
	EndGlobalSection
	GlobalSection(ExtensibilityGlobals) = postSolution
		SolutionGuid = {66E6FB34-E485-429E-A7DA-F0A75A645A58}
	EndGlobalSection
EndGlobal
